
Microsoft Visual Studio Solution File, Format Version 12.00
# Visual Studio Version 17
VisualStudioVersion = 17.9.34701.34
MinimumVisualStudioVersion = 10.0.40219.1
Project("{FAE04EC0-301F-11D3-BF4B-00C04F79EFBC}") = "Itinerario", "Itinerario\Itinerario.csproj", "{44EA2E69-6911-40F9-ADA3-8F15B31D6EA6}"
EndProject
Global
	GlobalSection(SolutionConfigurationPlatforms) = preSolution
		Debug|Any CPU = Debug|Any CPU
		Release|Any CPU = Release|Any CPU
	EndGlobalSection
	GlobalSection(ProjectConfigurationPlatforms) = postSolution
		{44EA2E69-6911-40F9-ADA3-8F15B31D6EA6}.Debug|Any CPU.ActiveCfg = Debug|Any CPU
		{44EA2E69-6911-40F9-ADA3-8F15B31D6EA6}.Debug|Any CPU.Build.0 = Debug|Any CPU
		{44EA2E69-6911-40F9-ADA3-8F15B31D6EA6}.Release|Any CPU.ActiveCfg = Release|Any CPU
		{44EA2E69-6911-40F9-ADA3-8F15B31D6EA6}.Release|Any CPU.Build.0 = Release|Any CPU
	EndGlobalSection
	GlobalSection(SolutionProperties) = preSolution
		HideSolutionNode = FALSE
	EndGlobalSection
	GlobalSection(ExtensibilityGlobals) = postSolution
		SolutionGuid = {134057F0-6DA3-4922-8CCE-516566FC3247}
	EndGlobalSection
EndGlobal
